
Microsoft Visual Studio Solution File, Format Version 12.00
# Visual Studio Version 16
VisualStudioVersion = 16.0.30523.141
MinimumVisualStudioVersion = 10.0.40219.1
Project("{FAE04EC0-301F-11D3-BF4B-00C04F79EFBC}") = "TSNConnection", "TSNConnection\TSNConnection.csproj", "{BAB560C3-0DC4-4DF9-B24D-FB744B4EB1F9}"
EndProject
Global
	GlobalSection(SolutionConfigurationPlatforms) = preSolution
		Debug|Any CPU = Debug|Any CPU
		Release|Any CPU = Release|Any CPU
	EndGlobalSection
	GlobalSection(ProjectConfigurationPlatforms) = postSolution
		{BAB560C3-0DC4-4DF9-B24D-FB744B4EB1F9}.Debug|Any CPU.ActiveCfg = Debug|Any CPU
		{BAB560C3-0DC4-4DF9-B24D-FB744B4EB1F9}.Debug|Any CPU.Build.0 = Debug|Any CPU
		{BAB560C3-0DC4-4DF9-B24D-FB744B4EB1F9}.Release|Any CPU.ActiveCfg = Release|Any CPU
		{BAB560C3-0DC4-4DF9-B24D-FB744B4EB1F9}.Release|Any CPU.Build.0 = Release|Any CPU
	EndGlobalSection
	GlobalSection(SolutionProperties) = preSolution
		HideSolutionNode = FALSE
	EndGlobalSection
	GlobalSection(ExtensibilityGlobals) = postSolution
		SolutionGuid = {C4CDD026-F1A4-429D-9B5D-065995280FF9}
	EndGlobalSection
EndGlobal
